
Microsoft Visual Studio Solution File, Format Version 12.00
# Visual Studio Version 16
VisualStudioVersion = 16.0.29306.81
MinimumVisualStudioVersion = 10.0.40219.1
Project("{FAE04EC0-301F-11D3-BF4B-00C04F79EFBC}") = "EvaluateMetrix", "EvaluateMetrix\EvaluateMetrix.csproj", "{3387ECAD-CC35-4F98-A96A-148F755EEE77}"
EndProject
Global
	GlobalSection(SolutionConfigurationPlatforms) = preSolution
		Debug|Any CPU = Debug|Any CPU
		Release|Any CPU = Release|Any CPU
	EndGlobalSection
	GlobalSection(ProjectConfigurationPlatforms) = postSolution
		{3387ECAD-CC35-4F98-A96A-148F755EEE77}.Debug|Any CPU.ActiveCfg = Debug|Any CPU
		{3387ECAD-CC35-4F98-A96A-148F755EEE77}.Debug|Any CPU.Build.0 = Debug|Any CPU
		{3387ECAD-CC35-4F98-A96A-148F755EEE77}.Release|Any CPU.ActiveCfg = Release|Any CPU
		{3387ECAD-CC35-4F98-A96A-148F755EEE77}.Release|Any CPU.Build.0 = Release|Any CPU
	EndGlobalSection
	GlobalSection(SolutionProperties) = preSolution
		HideSolutionNode = FALSE
	EndGlobalSection
	GlobalSection(ExtensibilityGlobals) = postSolution
		SolutionGuid = {7BA379F1-FF6D-4A29-B63E-66B1115684BA}
	EndGlobalSection
EndGlobal
